// !$*UTF8*$!
{
	archiveVersion = 1;
	classes = {
	};
	objectVersion = 55;
	objects = {

/* Begin PBXBuildFile section */
		DD976B471BBC3B02A3DFC366 /* Pods_CoordinationControlWorkApp.framework in Frameworks */ = {isa = PBXBuildFile; fileRef = 6774B983D1EF92FDB6039161 /* Pods_CoordinationControlWorkApp.framework */; };
		ED2AE457274BEB1000D6740F /* AppDelegate.swift in Sources */ = {isa = PBXBuildFile; fileRef = ED2AE456274BEB1000D6740F /* AppDelegate.swift */; };
		ED2AE459274BEB1000D6740F /* SceneDelegate.swift in Sources */ = {isa = PBXBuildFile; fileRef = ED2AE458274BEB1000D6740F /* SceneDelegate.swift */; };
		ED2AE460274BEB1100D6740F /* Assets.xcassets in Resources */ = {isa = PBXBuildFile; fileRef = ED2AE45F274BEB1100D6740F /* Assets.xcassets */; };
		ED2AE463274BEB1100D6740F /* LaunchScreen.storyboard in Resources */ = {isa = PBXBuildFile; fileRef = ED2AE461274BEB1100D6740F /* LaunchScreen.storyboard */; };
		ED2AE46C274BEBAA00D6740F /* ProfileViewController.swift in Sources */ = {isa = PBXBuildFile; fileRef = ED2AE46B274BEBAA00D6740F /* ProfileViewController.swift */; };
		ED2AE472274BF48900D6740F /* OutlinedButton.swift in Sources */ = {isa = PBXBuildFile; fileRef = ED2AE471274BF48900D6740F /* OutlinedButton.swift */; };
		ED2AE475274BF6BA00D6740F /* Coordinator.swift in Sources */ = {isa = PBXBuildFile; fileRef = ED2AE474274BF6BA00D6740F /* Coordinator.swift */; };
		ED2AE479274BF78600D6740F /* AuthorizationService.swift in Sources */ = {isa = PBXBuildFile; fileRef = ED2AE478274BF78600D6740F /* AuthorizationService.swift */; };
		ED2AE47B274BF85C00D6740F /* AppCoordinator.swift in Sources */ = {isa = PBXBuildFile; fileRef = ED2AE47A274BF85C00D6740F /* AppCoordinator.swift */; };
		ED2AE47D274BFA6500D6740F /* RegistrationLoginViewController.swift in Sources */ = {isa = PBXBuildFile; fileRef = ED2AE47C274BFA6500D6740F /* RegistrationLoginViewController.swift */; };
		ED2AE47F274BFC1900D6740F /* ProfileCoordinator.swift in Sources */ = {isa = PBXBuildFile; fileRef = ED2AE47E274BFC1900D6740F /* ProfileCoordinator.swift */; };
		ED2AE481274BFCCD00D6740F /* FlowController.swift in Sources */ = {isa = PBXBuildFile; fileRef = ED2AE480274BFCCD00D6740F /* FlowController.swift */; };
		ED2AE483274BFE2E00D6740F /* RegistrationCoordinator.swift in Sources */ = {isa = PBXBuildFile; fileRef = ED2AE482274BFE2E00D6740F /* RegistrationCoordinator.swift */; };
		ED2AE485274C003D00D6740F /* RegistrationPasswordViewController.swift in Sources */ = {isa = PBXBuildFile; fileRef = ED2AE484274C003D00D6740F /* RegistrationPasswordViewController.swift */; };
		ED2AE487274C050C00D6740F /* LoginViewController.swift in Sources */ = {isa = PBXBuildFile; fileRef = ED2AE486274C050C00D6740F /* LoginViewController.swift */; };
		ED2AE489274C060800D6740F /* LoginCoordinator.swift in Sources */ = {isa = PBXBuildFile; fileRef = ED2AE488274C060800D6740F /* LoginCoordinator.swift */; };
		ED2AE48B274C07D200D6740F /* MainViewController.swift in Sources */ = {isa = PBXBuildFile; fileRef = ED2AE48A274C07D200D6740F /* MainViewController.swift */; };
		ED2AE48D274C0A9700D6740F /* ActivityService.swift in Sources */ = {isa = PBXBuildFile; fileRef = ED2AE48C274C0A9700D6740F /* ActivityService.swift */; };
		ED2AE490274C0AC400D6740F /* Activity.swift in Sources */ = {isa = PBXBuildFile; fileRef = ED2AE48F274C0AC400D6740F /* Activity.swift */; };
/* End PBXBuildFile section */

/* Begin PBXFileReference section */
		418074B454561526CCDCEEFB /* Pods-CoordinationControlWorkApp.release.xcconfig */ = {isa = PBXFileReference; includeInIndex = 1; lastKnownFileType = text.xcconfig; name = "Pods-CoordinationControlWorkApp.release.xcconfig"; path = "Target Support Files/Pods-CoordinationControlWorkApp/Pods-CoordinationControlWorkApp.release.xcconfig"; sourceTree = "<group>"; };
		4EB8FE37DA774762F43BF094 /* Pods-CoordinationControlWorkApp.debug.xcconfig */ = {isa = PBXFileReference; includeInIndex = 1; lastKnownFileType = text.xcconfig; name = "Pods-CoordinationControlWorkApp.debug.xcconfig"; path = "Target Support Files/Pods-CoordinationControlWorkApp/Pods-CoordinationControlWorkApp.debug.xcconfig"; sourceTree = "<group>"; };
		6774B983D1EF92FDB6039161 /* Pods_CoordinationControlWorkApp.framework */ = {isa = PBXFileReference; explicitFileType = wrapper.framework; includeInIndex = 0; path = Pods_CoordinationControlWorkApp.framework; sourceTree = BUILT_PRODUCTS_DIR; };
		ED2AE453274BEB1000D6740F /* CoordinationControlWorkApp.app */ = {isa = PBXFileReference; explicitFileType = wrapper.application; includeInIndex = 0; path = CoordinationControlWorkApp.app; sourceTree = BUILT_PRODUCTS_DIR; };
		ED2AE456274BEB1000D6740F /* AppDelegate.swift */ = {isa = PBXFileReference; lastKnownFileType = sourcecode.swift; path = AppDelegate.swift; sourceTree = "<group>"; };
		ED2AE458274BEB1000D6740F /* SceneDelegate.swift */ = {isa = PBXFileReference; lastKnownFileType = sourcecode.swift; path = SceneDelegate.swift; sourceTree = "<group>"; };
		ED2AE45F274BEB1100D6740F /* Assets.xcassets */ = {isa = PBXFileReference; lastKnownFileType = folder.assetcatalog; path = Assets.xcassets; sourceTree = "<group>"; };
		ED2AE462274BEB1100D6740F /* Base */ = {isa = PBXFileReference; lastKnownFileType = file.storyboard; name = Base; path = Base.lproj/LaunchScreen.storyboard; sourceTree = "<group>"; };
		ED2AE464274BEB1100D6740F /* Info.plist */ = {isa = PBXFileReference; lastKnownFileType = text.plist.xml; path = Info.plist; sourceTree = "<group>"; };
		ED2AE46B274BEBAA00D6740F /* ProfileViewController.swift */ = {isa = PBXFileReference; lastKnownFileType = sourcecode.swift; path = ProfileViewController.swift; sourceTree = "<group>"; };
		ED2AE471274BF48900D6740F /* OutlinedButton.swift */ = {isa = PBXFileReference; fileEncoding = 4; lastKnownFileType = sourcecode.swift; path = OutlinedButton.swift; sourceTree = "<group>"; };
		ED2AE474274BF6BA00D6740F /* Coordinator.swift */ = {isa = PBXFileReference; lastKnownFileType = sourcecode.swift; path = Coordinator.swift; sourceTree = "<group>"; };
		ED2AE478274BF78600D6740F /* AuthorizationService.swift */ = {isa = PBXFileReference; lastKnownFileType = sourcecode.swift; path = AuthorizationService.swift; sourceTree = "<group>"; };
		ED2AE47A274BF85C00D6740F /* AppCoordinator.swift */ = {isa = PBXFileReference; lastKnownFileType = sourcecode.swift; path = AppCoordinator.swift; sourceTree = "<group>"; };
		ED2AE47C274BFA6500D6740F /* RegistrationLoginViewController.swift */ = {isa = PBXFileReference; lastKnownFileType = sourcecode.swift; path = RegistrationLoginViewController.swift; sourceTree = "<group>"; };
		ED2AE47E274BFC1900D6740F /* ProfileCoordinator.swift */ = {isa = PBXFileReference; lastKnownFileType = sourcecode.swift; path = ProfileCoordinator.swift; sourceTree = "<group>"; };
		ED2AE480274BFCCD00D6740F /* FlowController.swift */ = {isa = PBXFileReference; lastKnownFileType = sourcecode.swift; path = FlowController.swift; sourceTree = "<group>"; };
		ED2AE482274BFE2E00D6740F /* RegistrationCoordinator.swift */ = {isa = PBXFileReference; lastKnownFileType = sourcecode.swift; path = RegistrationCoordinator.swift; sourceTree = "<group>"; };
		ED2AE484274C003D00D6740F /* RegistrationPasswordViewController.swift */ = {isa = PBXFileReference; lastKnownFileType = sourcecode.swift; path = RegistrationPasswordViewController.swift; sourceTree = "<group>"; };
		ED2AE486274C050C00D6740F /* LoginViewController.swift */ = {isa = PBXFileReference; lastKnownFileType = sourcecode.swift; path = LoginViewController.swift; sourceTree = "<group>"; };
		ED2AE488274C060800D6740F /* LoginCoordinator.swift */ = {isa = PBXFileReference; lastKnownFileType = sourcecode.swift; path = LoginCoordinator.swift; sourceTree = "<group>"; };
		ED2AE48A274C07D200D6740F /* MainViewController.swift */ = {isa = PBXFileReference; lastKnownFileType = sourcecode.swift; path = MainViewController.swift; sourceTree = "<group>"; };
		ED2AE48C274C0A9700D6740F /* ActivityService.swift */ = {isa = PBXFileReference; lastKnownFileType = sourcecode.swift; path = ActivityService.swift; sourceTree = "<group>"; };
		ED2AE48F274C0AC400D6740F /* Activity.swift */ = {isa = PBXFileReference; lastKnownFileType = sourcecode.swift; path = Activity.swift; sourceTree = "<group>"; };
/* End PBXFileReference section */

/* Begin PBXFrameworksBuildPhase section */
		ED2AE450274BEB1000D6740F /* Frameworks */ = {
			isa = PBXFrameworksBuildPhase;
			buildActionMask = 2147483647;
			files = (
				DD976B471BBC3B02A3DFC366 /* Pods_CoordinationControlWorkApp.framework in Frameworks */,
			);
			runOnlyForDeploymentPostprocessing = 0;
		};
/* End PBXFrameworksBuildPhase section */

/* Begin PBXGroup section */
		2267FCA7F7D552DDEA72CE2C /* Pods */ = {
			isa = PBXGroup;
			children = (
				4EB8FE37DA774762F43BF094 /* Pods-CoordinationControlWorkApp.debug.xcconfig */,
				418074B454561526CCDCEEFB /* Pods-CoordinationControlWorkApp.release.xcconfig */,
			);
			path = Pods;
			sourceTree = "<group>";
		};
		5EB2253AA8ADA2EB2A211BB2 /* Frameworks */ = {
			isa = PBXGroup;
			children = (
				6774B983D1EF92FDB6039161 /* Pods_CoordinationControlWorkApp.framework */,
			);
			name = Frameworks;
			sourceTree = "<group>";
		};
		ED2AE44A274BEB1000D6740F = {
			isa = PBXGroup;
			children = (
				ED2AE455274BEB1000D6740F /* CoordinationControlWorkApp */,
				ED2AE454274BEB1000D6740F /* Products */,
				2267FCA7F7D552DDEA72CE2C /* Pods */,
				5EB2253AA8ADA2EB2A211BB2 /* Frameworks */,
			);
			sourceTree = "<group>";
		};
		ED2AE454274BEB1000D6740F /* Products */ = {
			isa = PBXGroup;
			children = (
				ED2AE453274BEB1000D6740F /* CoordinationControlWorkApp.app */,
			);
			name = Products;
			sourceTree = "<group>";
		};
		ED2AE455274BEB1000D6740F /* CoordinationControlWorkApp */ = {
			isa = PBXGroup;
			children = (
				ED2AE48E274C0AB400D6740F /* Model */,
				ED2AE477274BF77100D6740F /* Services */,
				ED2AE476274BF76100D6740F /* Coordinators */,
				ED2AE473274BF69F00D6740F /* Base */,
				ED2AE470274BF47A00D6740F /* Views */,
				ED2AE46A274BEB6A00D6740F /* Scenes */,
				ED2AE456274BEB1000D6740F /* AppDelegate.swift */,
				ED2AE458274BEB1000D6740F /* SceneDelegate.swift */,
				ED2AE45F274BEB1100D6740F /* Assets.xcassets */,
				ED2AE461274BEB1100D6740F /* LaunchScreen.storyboard */,
				ED2AE464274BEB1100D6740F /* Info.plist */,
			);
			path = CoordinationControlWorkApp;
			sourceTree = "<group>";
		};
		ED2AE46A274BEB6A00D6740F /* Scenes */ = {
			isa = PBXGroup;
			children = (
				ED2AE46B274BEBAA00D6740F /* ProfileViewController.swift */,
				ED2AE47C274BFA6500D6740F /* RegistrationLoginViewController.swift */,
				ED2AE484274C003D00D6740F /* RegistrationPasswordViewController.swift */,
				ED2AE486274C050C00D6740F /* LoginViewController.swift */,
				ED2AE48A274C07D200D6740F /* MainViewController.swift */,
			);
			path = Scenes;
			sourceTree = "<group>";
		};
		ED2AE470274BF47A00D6740F /* Views */ = {
			isa = PBXGroup;
			children = (
				ED2AE471274BF48900D6740F /* OutlinedButton.swift */,
			);
			path = Views;
			sourceTree = "<group>";
		};
		ED2AE473274BF69F00D6740F /* Base */ = {
			isa = PBXGroup;
			children = (
				ED2AE474274BF6BA00D6740F /* Coordinator.swift */,
				ED2AE480274BFCCD00D6740F /* FlowController.swift */,
			);
			path = Base;
			sourceTree = "<group>";
		};
		ED2AE476274BF76100D6740F /* Coordinators */ = {
			isa = PBXGroup;
			children = (
				ED2AE47A274BF85C00D6740F /* AppCoordinator.swift */,
				ED2AE47E274BFC1900D6740F /* ProfileCoordinator.swift */,
				ED2AE482274BFE2E00D6740F /* RegistrationCoordinator.swift */,
				ED2AE488274C060800D6740F /* LoginCoordinator.swift */,
			);
			path = Coordinators;
			sourceTree = "<group>";
		};
		ED2AE477274BF77100D6740F /* Services */ = {
			isa = PBXGroup;
			children = (
				ED2AE478274BF78600D6740F /* AuthorizationService.swift */,
				ED2AE48C274C0A9700D6740F /* ActivityService.swift */,
			);
			path = Services;
			sourceTree = "<group>";
		};
		ED2AE48E274C0AB400D6740F /* Model */ = {
			isa = PBXGroup;
			children = (
				ED2AE48F274C0AC400D6740F /* Activity.swift */,
			);
			path = Model;
			sourceTree = "<group>";
		};
/* End PBXGroup section */

/* Begin PBXNativeTarget section */
		ED2AE452274BEB1000D6740F /* CoordinationControlWorkApp */ = {
			isa = PBXNativeTarget;
			buildConfigurationList = ED2AE467274BEB1100D6740F /* Build configuration list for PBXNativeTarget "CoordinationControlWorkApp" */;
			buildPhases = (
				7BB39EC08D185961A5099508 /* [CP] Check Pods Manifest.lock */,
				ED2AE44F274BEB1000D6740F /* Sources */,
				ED2AE450274BEB1000D6740F /* Frameworks */,
				ED2AE451274BEB1000D6740F /* Resources */,
				49C3A7005AD1A6D1204C9418 /* [CP] Embed Pods Frameworks */,
			);
			buildRules = (
			);
			dependencies = (
			);
			name = CoordinationControlWorkApp;
			productName = CoordinationControlWorkApp;
			productReference = ED2AE453274BEB1000D6740F /* CoordinationControlWorkApp.app */;
			productType = "com.apple.product-type.application";
		};
/* End PBXNativeTarget section */

/* Begin PBXProject section */
		ED2AE44B274BEB1000D6740F /* Project object */ = {
			isa = PBXProject;
			attributes = {
				BuildIndependentTargetsInParallel = 1;
				LastSwiftUpdateCheck = 1300;
				LastUpgradeCheck = 1300;
				TargetAttributes = {
					ED2AE452274BEB1000D6740F = {
						CreatedOnToolsVersion = 13.0;
					};
				};
			};
			buildConfigurationList = ED2AE44E274BEB1000D6740F /* Build configuration list for PBXProject "CoordinationControlWorkApp" */;
			compatibilityVersion = "Xcode 13.0";
			developmentRegion = en;
			hasScannedForEncodings = 0;
			knownRegions = (
				en,
				Base,
			);
			mainGroup = ED2AE44A274BEB1000D6740F;
			productRefGroup = ED2AE454274BEB1000D6740F /* Products */;
			projectDirPath = "";
			projectRoot = "";
			targets = (
				ED2AE452274BEB1000D6740F /* CoordinationControlWorkApp */,
			);
		};
/* End PBXProject section */

/* Begin PBXResourcesBuildPhase section */
		ED2AE451274BEB1000D6740F /* Resources */ = {
			isa = PBXResourcesBuildPhase;
			buildActionMask = 2147483647;
			files = (
				ED2AE463274BEB1100D6740F /* LaunchScreen.storyboard in Resources */,
				ED2AE460274BEB1100D6740F /* Assets.xcassets in Resources */,
			);
			runOnlyForDeploymentPostprocessing = 0;
		};
/* End PBXResourcesBuildPhase section */

/* Begin PBXShellScriptBuildPhase section */
		49C3A7005AD1A6D1204C9418 /* [CP] Embed Pods Frameworks */ = {
			isa = PBXShellScriptBuildPhase;
			buildActionMask = 2147483647;
			files = (
			);
			inputFileListPaths = (
				"${PODS_ROOT}/Target Support Files/Pods-CoordinationControlWorkApp/Pods-CoordinationControlWorkApp-frameworks-${CONFIGURATION}-input-files.xcfilelist",
			);
			name = "[CP] Embed Pods Frameworks";
			outputFileListPaths = (
				"${PODS_ROOT}/Target Support Files/Pods-CoordinationControlWorkApp/Pods-CoordinationControlWorkApp-frameworks-${CONFIGURATION}-output-files.xcfilelist",
			);
			runOnlyForDeploymentPostprocessing = 0;
			shellPath = /bin/sh;
			shellScript = "\"${PODS_ROOT}/Target Support Files/Pods-CoordinationControlWorkApp/Pods-CoordinationControlWorkApp-frameworks.sh\"\n";
			showEnvVarsInLog = 0;
		};
		7BB39EC08D185961A5099508 /* [CP] Check Pods Manifest.lock */ = {
			isa = PBXShellScriptBuildPhase;
			buildActionMask = 2147483647;
			files = (
			);
			inputFileListPaths = (
			);
			inputPaths = (
				"${PODS_PODFILE_DIR_PATH}/Podfile.lock",
				"${PODS_ROOT}/Manifest.lock",
			);
			name = "[CP] Check Pods Manifest.lock";
			outputFileListPaths = (
			);
			outputPaths = (
				"$(DERIVED_FILE_DIR)/Pods-CoordinationControlWorkApp-checkManifestLockResult.txt",
			);
			runOnlyForDeploymentPostprocessing = 0;
			shellPath = /bin/sh;
			shellScript = "diff \"${PODS_PODFILE_DIR_PATH}/Podfile.lock\" \"${PODS_ROOT}/Manifest.lock\" > /dev/null\nif [ $? != 0 ] ; then\n    # print error to STDERR\n    echo \"error: The sandbox is not in sync with the Podfile.lock. Run 'pod install' or update your CocoaPods installation.\" >&2\n    exit 1\nfi\n# This output is used by Xcode 'outputs' to avoid re-running this script phase.\necho \"SUCCESS\" > \"${SCRIPT_OUTPUT_FILE_0}\"\n";
			showEnvVarsInLog = 0;
		};
/* End PBXShellScriptBuildPhase section */

/* Begin PBXSourcesBuildPhase section */
		ED2AE44F274BEB1000D6740F /* Sources */ = {
			isa = PBXSourcesBuildPhase;
			buildActionMask = 2147483647;
			files = (
				ED2AE490274C0AC400D6740F /* Activity.swift in Sources */,
				ED2AE46C274BEBAA00D6740F /* ProfileViewController.swift in Sources */,
				ED2AE457274BEB1000D6740F /* AppDelegate.swift in Sources */,
				ED2AE489274C060800D6740F /* LoginCoordinator.swift in Sources */,
				ED2AE475274BF6BA00D6740F /* Coordinator.swift in Sources */,
				ED2AE483274BFE2E00D6740F /* RegistrationCoordinator.swift in Sources */,
				ED2AE481274BFCCD00D6740F /* FlowController.swift in Sources */,
				ED2AE47D274BFA6500D6740F /* RegistrationLoginViewController.swift in Sources */,
				ED2AE479274BF78600D6740F /* AuthorizationService.swift in Sources */,
				ED2AE459274BEB1000D6740F /* SceneDelegate.swift in Sources */,
				ED2AE48B274C07D200D6740F /* MainViewController.swift in Sources */,
				ED2AE485274C003D00D6740F /* RegistrationPasswordViewController.swift in Sources */,
				ED2AE472274BF48900D6740F /* OutlinedButton.swift in Sources */,
				ED2AE47F274BFC1900D6740F /* ProfileCoordinator.swift in Sources */,
				ED2AE487274C050C00D6740F /* LoginViewController.swift in Sources */,
				ED2AE48D274C0A9700D6740F /* ActivityService.swift in Sources */,
				ED2AE47B274BF85C00D6740F /* AppCoordinator.swift in Sources */,
			);
			runOnlyForDeploymentPostprocessing = 0;
		};
/* End PBXSourcesBuildPhase section */

/* Begin PBXVariantGroup section */
		ED2AE461274BEB1100D6740F /* LaunchScreen.storyboard */ = {
			isa = PBXVariantGroup;
			children = (
				ED2AE462274BEB1100D6740F /* Base */,
			);
			name = LaunchScreen.storyboard;
			sourceTree = "<group>";
		};
/* End PBXVariantGroup section */

/* Begin XCBuildConfiguration section */
		ED2AE465274BEB1100D6740F /* Debug */ = {
			isa = XCBuildConfiguration;
			buildSettings = {
				ALWAYS_SEARCH_USER_PATHS = NO;
				CLANG_ANALYZER_NONNULL = YES;
				CLANG_ANALYZER_NUMBER_OBJECT_CONVERSION = YES_AGGRESSIVE;
				CLANG_CXX_LANGUAGE_STANDARD = "gnu++17";
				CLANG_CXX_LIBRARY = "libc++";
				CLANG_ENABLE_MODULES = YES;
				CLANG_ENABLE_OBJC_ARC = YES;
				CLANG_ENABLE_OBJC_WEAK = YES;
				CLANG_WARN_BLOCK_CAPTURE_AUTORELEASING = YES;
				CLANG_WARN_BOOL_CONVERSION = YES;
				CLANG_WARN_COMMA = YES;
				CLANG_WARN_CONSTANT_CONVERSION = YES;
				CLANG_WARN_DEPRECATED_OBJC_IMPLEMENTATIONS = YES;
				CLANG_WARN_DIRECT_OBJC_ISA_USAGE = YES_ERROR;
				CLANG_WARN_DOCUMENTATION_COMMENTS = YES;
				CLANG_WARN_EMPTY_BODY = YES;
				CLANG_WARN_ENUM_CONVERSION = YES;
				CLANG_WARN_INFINITE_RECURSION = YES;
				CLANG_WARN_INT_CONVERSION = YES;
				CLANG_WARN_NON_LITERAL_NULL_CONVERSION = YES;
				CLANG_WARN_OBJC_IMPLICIT_RETAIN_SELF = YES;
				CLANG_WARN_OBJC_LITERAL_CONVERSION = YES;
				CLANG_WARN_OBJC_ROOT_CLASS = YES_ERROR;
				CLANG_WARN_QUOTED_INCLUDE_IN_FRAMEWORK_HEADER = YES;
				CLANG_WARN_RANGE_LOOP_ANALYSIS = YES;
				CLANG_WARN_STRICT_PROTOTYPES = YES;
				CLANG_WARN_SUSPICIOUS_MOVE = YES;
				CLANG_WARN_UNGUARDED_AVAILABILITY = YES_AGGRESSIVE;
				CLANG_WARN_UNREACHABLE_CODE = YES;
				CLANG_WARN__DUPLICATE_METHOD_MATCH = YES;
				COPY_PHASE_STRIP = NO;
				DEBUG_INFORMATION_FORMAT = dwarf;
				ENABLE_STRICT_OBJC_MSGSEND = YES;
				ENABLE_TESTABILITY = YES;
				GCC_C_LANGUAGE_STANDARD = gnu11;
				GCC_DYNAMIC_NO_PIC = NO;
				GCC_NO_COMMON_BLOCKS = YES;
				GCC_OPTIMIZATION_LEVEL = 0;
				GCC_PREPROCESSOR_DEFINITIONS = (
					"DEBUG=1",
					"$(inherited)",
				);
				GCC_WARN_64_TO_32_BIT_CONVERSION = YES;
				GCC_WARN_ABOUT_RETURN_TYPE = YES_ERROR;
				GCC_WARN_UNDECLARED_SELECTOR = YES;
				GCC_WARN_UNINITIALIZED_AUTOS = YES_AGGRESSIVE;
				GCC_WARN_UNUSED_FUNCTION = YES;
				GCC_WARN_UNUSED_VARIABLE = YES;
				IPHONEOS_DEPLOYMENT_TARGET = 13.0;
				MTL_ENABLE_DEBUG_INFO = INCLUDE_SOURCE;
				MTL_FAST_MATH = YES;
				ONLY_ACTIVE_ARCH = YES;
				SDKROOT = iphoneos;
				SWIFT_ACTIVE_COMPILATION_CONDITIONS = DEBUG;
				SWIFT_OPTIMIZATION_LEVEL = "-Onone";
			};
			name = Debug;
		};
		ED2AE466274BEB1100D6740F /* Release */ = {
			isa = XCBuildConfiguration;
			buildSettings = {
				ALWAYS_SEARCH_USER_PATHS = NO;
				CLANG_ANALYZER_NONNULL = YES;
				CLANG_ANALYZER_NUMBER_OBJECT_CONVERSION = YES_AGGRESSIVE;
				CLANG_CXX_LANGUAGE_STANDARD = "gnu++17";
				CLANG_CXX_LIBRARY = "libc++";
				CLANG_ENABLE_MODULES = YES;
				CLANG_ENABLE_OBJC_ARC = YES;
				CLANG_ENABLE_OBJC_WEAK = YES;
				CLANG_WARN_BLOCK_CAPTURE_AUTORELEASING = YES;
				CLANG_WARN_BOOL_CONVERSION = YES;
				CLANG_WARN_COMMA = YES;
				CLANG_WARN_CONSTANT_CONVERSION = YES;
				CLANG_WARN_DEPRECATED_OBJC_IMPLEMENTATIONS = YES;
				CLANG_WARN_DIRECT_OBJC_ISA_USAGE = YES_ERROR;
				CLANG_WARN_DOCUMENTATION_COMMENTS = YES;
				CLANG_WARN_EMPTY_BODY = YES;
				CLANG_WARN_ENUM_CONVERSION = YES;
				CLANG_WARN_INFINITE_RECURSION = YES;
				CLANG_WARN_INT_CONVERSION = YES;
				CLANG_WARN_NON_LITERAL_NULL_CONVERSION = YES;
				CLANG_WARN_OBJC_IMPLICIT_RETAIN_SELF = YES;
				CLANG_WARN_OBJC_LITERAL_CONVERSION = YES;
				CLANG_WARN_OBJC_ROOT_CLASS = YES_ERROR;
				CLANG_WARN_QUOTED_INCLUDE_IN_FRAMEWORK_HEADER = YES;
				CLANG_WARN_RANGE_LOOP_ANALYSIS = YES;
				CLANG_WARN_STRICT_PROTOTYPES = YES;
				CLANG_WARN_SUSPICIOUS_MOVE = YES;
				CLANG_WARN_UNGUARDED_AVAILABILITY = YES_AGGRESSIVE;
				CLANG_WARN_UNREACHABLE_CODE = YES;
				CLANG_WARN__DUPLICATE_METHOD_MATCH = YES;
				COPY_PHASE_STRIP = NO;
				DEBUG_INFORMATION_FORMAT = "dwarf-with-dsym";
				ENABLE_NS_ASSERTIONS = NO;
				ENABLE_STRICT_OBJC_MSGSEND = YES;
				GCC_C_LANGUAGE_STANDARD = gnu11;
				GCC_NO_COMMON_BLOCKS = YES;
				GCC_WARN_64_TO_32_BIT_CONVERSION = YES;
				GCC_WARN_ABOUT_RETURN_TYPE = YES_ERROR;
				GCC_WARN_UNDECLARED_SELECTOR = YES;
				GCC_WARN_UNINITIALIZED_AUTOS = YES_AGGRESSIVE;
				GCC_WARN_UNUSED_FUNCTION = YES;
				GCC_WARN_UNUSED_VARIABLE = YES;
				IPHONEOS_DEPLOYMENT_TARGET = 13.0;
				MTL_ENABLE_DEBUG_INFO = NO;
				MTL_FAST_MATH = YES;
				SDKROOT = iphoneos;
				SWIFT_COMPILATION_MODE = wholemodule;
				SWIFT_OPTIMIZATION_LEVEL = "-O";
				VALIDATE_PRODUCT = YES;
			};
			name = Release;
		};
		ED2AE468274BEB1100D6740F /* Debug */ = {
			isa = XCBuildConfiguration;
			baseConfigurationReference = 4EB8FE37DA774762F43BF094 /* Pods-CoordinationControlWorkApp.debug.xcconfig */;
			buildSettings = {
				ASSETCATALOG_COMPILER_APPICON_NAME = AppIcon;
				ASSETCATALOG_COMPILER_GLOBAL_ACCENT_COLOR_NAME = AccentColor;
				CODE_SIGN_STYLE = Automatic;
				CURRENT_PROJECT_VERSION = 1;
				DEVELOPMENT_TEAM = Z86A8NA48H;
				GENERATE_INFOPLIST_FILE = YES;
				INFOPLIST_FILE = CoordinationControlWorkApp/Info.plist;
				INFOPLIST_KEY_UIApplicationSupportsIndirectInputEvents = YES;
				INFOPLIST_KEY_UILaunchStoryboardName = LaunchScreen;
				INFOPLIST_KEY_UISupportedInterfaceOrientations_iPad = "UIInterfaceOrientationPortrait UIInterfaceOrientationPortraitUpsideDown UIInterfaceOrientationLandscapeLeft UIInterfaceOrientationLandscapeRight";
				INFOPLIST_KEY_UISupportedInterfaceOrientations_iPhone = "UIInterfaceOrientationPortrait UIInterfaceOrientationLandscapeLeft UIInterfaceOrientationLandscapeRight";
				IPHONEOS_DEPLOYMENT_TARGET = 13.0;
				LD_RUNPATH_SEARCH_PATHS = (
					"$(inherited)",
					"@executable_path/Frameworks",
				);
				MARKETING_VERSION = 1.0;
				PRODUCT_BUNDLE_IDENTIFIER = "Ruslan-Khanov.CoordinationControlWorkApp";
				PRODUCT_NAME = "$(TARGET_NAME)";
				SWIFT_EMIT_LOC_STRINGS = YES;
				SWIFT_VERSION = 5.0;
				TARGETED_DEVICE_FAMILY = 1;
			};
			name = Debug;
		};
		ED2AE469274BEB1100D6740F /* Release */ = {
			isa = XCBuildConfiguration;
			baseConfigurationReference = 418074B454561526CCDCEEFB /* Pods-CoordinationControlWorkApp.release.xcconfig */;
			buildSettings = {
				ASSETCATALOG_COMPILER_APPICON_NAME = AppIcon;
				ASSETCATALOG_COMPILER_GLOBAL_ACCENT_COLOR_NAME = AccentColor;
				CODE_SIGN_STYLE = Automatic;
				CURRENT_PROJECT_VERSION = 1;
				DEVELOPMENT_TEAM = Z86A8NA48H;
				GENERATE_INFOPLIST_FILE = YES;
				INFOPLIST_FILE = CoordinationControlWorkApp/Info.plist;
				INFOPLIST_KEY_UIApplicationSupportsIndirectInputEvents = YES;
				INFOPLIST_KEY_UILaunchStoryboardName = LaunchScreen;
				INFOPLIST_KEY_UISupportedInterfaceOrientations_iPad = "UIInterfaceOrientationPortrait UIInterfaceOrientationPortraitUpsideDown UIInterfaceOrientationLandscapeLeft UIInterfaceOrientationLandscapeRight";
				INFOPLIST_KEY_UISupportedInterfaceOrientations_iPhone = "UIInterfaceOrientationPortrait UIInterfaceOrientationLandscapeLeft UIInterfaceOrientationLandscapeRight";
				IPHONEOS_DEPLOYMENT_TARGET = 13.0;
				LD_RUNPATH_SEARCH_PATHS = (
					"$(inherited)",
					"@executable_path/Frameworks",
				);
				MARKETING_VERSION = 1.0;
				PRODUCT_BUNDLE_IDENTIFIER = "Ruslan-Khanov.CoordinationControlWorkApp";
				PRODUCT_NAME = "$(TARGET_NAME)";
				SWIFT_EMIT_LOC_STRINGS = YES;
				SWIFT_VERSION = 5.0;
				TARGETED_DEVICE_FAMILY = 1;
			};
			name = Release;
		};
/* End XCBuildConfiguration section */

/* Begin XCConfigurationList section */
		ED2AE44E274BEB1000D6740F /* Build configuration list for PBXProject "CoordinationControlWorkApp" */ = {
			isa = XCConfigurationList;
			buildConfigurations = (
				ED2AE465274BEB1100D6740F /* Debug */,
				ED2AE466274BEB1100D6740F /* Release */,
			);
			defaultConfigurationIsVisible = 0;
			defaultConfigurationName = Release;
		};
		ED2AE467274BEB1100D6740F /* Build configuration list for PBXNativeTarget "CoordinationControlWorkApp" */ = {
			isa = XCConfigurationList;
			buildConfigurations = (
				ED2AE468274BEB1100D6740F /* Debug */,
				ED2AE469274BEB1100D6740F /* Release */,
			);
			defaultConfigurationIsVisible = 0;
			defaultConfigurationName = Release;
		};
/* End XCConfigurationList section */
	};
	rootObject = ED2AE44B274BEB1000D6740F /* Project object */;
}
